
Microsoft Visual Studio Solution File, Format Version 12.00
# Visual Studio Version 16
VisualStudioVersion = 16.0.28922.388
MinimumVisualStudioVersion = 10.0.40219.1
Project("{9A19103F-16F7-4668-BE54-9A1E7A4F7556}") = "FarmAutomatorServer", "FarmAutomatorServer\FarmAutomatorServer.csproj", "{DE3D6566-3F39-4F3C-AE79-476A35775DDD}"
EndProject
Project("{9A19103F-16F7-4668-BE54-9A1E7A4F7556}") = "Cookies", "..\Cookies\Cookies.csproj", "{F3CA6854-AF25-4CC4-993A-7C406C516815}"
EndProject
Project("{9A19103F-16F7-4668-BE54-9A1E7A4F7556}") = "SecureWebApiWithCookies", "..\..\SecureWebApiCookiesExample\SecureWebApiWithCookies\SecureWebApiWithCookies.csproj", "{84B67638-439D-4C90-848B-BB1B8A1E913E}"
EndProject
Project("{E24C65DC-7377-472B-9ABA-BC803B73C61A}") = "AngularClientDemo", "..\..\SecureWebApiCookiesExample\AngularClientDemo\", "{B8F6E9DE-80A2-4860-B08B-67F74DD2757A}"
	ProjectSection(WebsiteProperties) = preProject
		TargetFrameworkMoniker = ".NETFramework,Version%3Dv4.0"
		Debug.AspNetCompiler.VirtualPath = "/localhost_14113"
		Debug.AspNetCompiler.PhysicalPath = "..\..\SecureWebApiCookiesExample\AngularClientDemo\"
		Debug.AspNetCompiler.TargetPath = "PrecompiledWeb\localhost_14113\"
		Debug.AspNetCompiler.Updateable = "true"
		Debug.AspNetCompiler.ForceOverwrite = "true"
		Debug.AspNetCompiler.FixedNames = "false"
		Debug.AspNetCompiler.Debug = "True"
		Release.AspNetCompiler.VirtualPath = "/localhost_14113"
		Release.AspNetCompiler.PhysicalPath = "..\..\SecureWebApiCookiesExample\AngularClientDemo\"
		Release.AspNetCompiler.TargetPath = "PrecompiledWeb\localhost_14113\"
		Release.AspNetCompiler.Updateable = "true"
		Release.AspNetCompiler.ForceOverwrite = "true"
		Release.AspNetCompiler.FixedNames = "false"
		Release.AspNetCompiler.Debug = "False"
		VWDPort = "14113"
		SlnRelativePath = "..\..\SecureWebApiCookiesExample\AngularClientDemo\"
	EndProjectSection
EndProject
Project("{E24C65DC-7377-472B-9ABA-BC803B73C61A}") = "ignite-example-login", "..\..\ignite-example-login\", "{23C0C260-5296-446B-B266-C281A80739FC}"
	ProjectSection(WebsiteProperties) = preProject
		TargetFrameworkMoniker = ".NETFramework,Version%3Dv4.0"
		Debug.AspNetCompiler.VirtualPath = "/localhost_14186"
		Debug.AspNetCompiler.PhysicalPath = "..\..\ignite-example-login\"
		Debug.AspNetCompiler.TargetPath = "PrecompiledWeb\localhost_14186\"
		Debug.AspNetCompiler.Updateable = "true"
		Debug.AspNetCompiler.ForceOverwrite = "true"
		Debug.AspNetCompiler.FixedNames = "false"
		Debug.AspNetCompiler.Debug = "True"
		Release.AspNetCompiler.VirtualPath = "/localhost_14186"
		Release.AspNetCompiler.PhysicalPath = "..\..\ignite-example-login\"
		Release.AspNetCompiler.TargetPath = "PrecompiledWeb\localhost_14186\"
		Release.AspNetCompiler.Updateable = "true"
		Release.AspNetCompiler.ForceOverwrite = "true"
		Release.AspNetCompiler.FixedNames = "false"
		Release.AspNetCompiler.Debug = "False"
		VWDPort = "14186"
		SlnRelativePath = "..\..\ignite-example-login\"
	EndProjectSection
EndProject
Project("{2150E333-8FDC-42A3-9474-1A3956D46DE8}") = "Files", "Files", "{954F82B0-0265-4214-9463-F17D9B5216EE}"
	ProjectSection(SolutionItems) = preProject
		..\Oracle EF Code First Example.cs = ..\Oracle EF Code First Example.cs
	EndProjectSection
EndProject
Global
	GlobalSection(SolutionConfigurationPlatforms) = preSolution
		Debug|Any CPU = Debug|Any CPU
		Debug|x86 = Debug|x86
		Release|Any CPU = Release|Any CPU
		Release|x86 = Release|x86
	EndGlobalSection
	GlobalSection(ProjectConfigurationPlatforms) = postSolution
		{DE3D6566-3F39-4F3C-AE79-476A35775DDD}.Debug|Any CPU.ActiveCfg = Debug|Any CPU
		{DE3D6566-3F39-4F3C-AE79-476A35775DDD}.Debug|Any CPU.Build.0 = Debug|Any CPU
		{DE3D6566-3F39-4F3C-AE79-476A35775DDD}.Debug|x86.ActiveCfg = Debug|Any CPU
		{DE3D6566-3F39-4F3C-AE79-476A35775DDD}.Debug|x86.Build.0 = Debug|Any CPU
		{DE3D6566-3F39-4F3C-AE79-476A35775DDD}.Release|Any CPU.ActiveCfg = Release|Any CPU
		{DE3D6566-3F39-4F3C-AE79-476A35775DDD}.Release|Any CPU.Build.0 = Release|Any CPU
		{DE3D6566-3F39-4F3C-AE79-476A35775DDD}.Release|x86.ActiveCfg = Release|Any CPU
		{DE3D6566-3F39-4F3C-AE79-476A35775DDD}.Release|x86.Build.0 = Release|Any CPU
		{F3CA6854-AF25-4CC4-993A-7C406C516815}.Debug|Any CPU.ActiveCfg = Debug|Any CPU
		{F3CA6854-AF25-4CC4-993A-7C406C516815}.Debug|Any CPU.Build.0 = Debug|Any CPU
		{F3CA6854-AF25-4CC4-993A-7C406C516815}.Debug|x86.ActiveCfg = Debug|Any CPU
		{F3CA6854-AF25-4CC4-993A-7C406C516815}.Debug|x86.Build.0 = Debug|Any CPU
		{F3CA6854-AF25-4CC4-993A-7C406C516815}.Release|Any CPU.ActiveCfg = Release|Any CPU
		{F3CA6854-AF25-4CC4-993A-7C406C516815}.Release|Any CPU.Build.0 = Release|Any CPU
		{F3CA6854-AF25-4CC4-993A-7C406C516815}.Release|x86.ActiveCfg = Release|Any CPU
		{F3CA6854-AF25-4CC4-993A-7C406C516815}.Release|x86.Build.0 = Release|Any CPU
		{84B67638-439D-4C90-848B-BB1B8A1E913E}.Debug|Any CPU.ActiveCfg = Debug|Any CPU
		{84B67638-439D-4C90-848B-BB1B8A1E913E}.Debug|Any CPU.Build.0 = Debug|Any CPU
		{84B67638-439D-4C90-848B-BB1B8A1E913E}.Debug|x86.ActiveCfg = Debug|Any CPU
		{84B67638-439D-4C90-848B-BB1B8A1E913E}.Debug|x86.Build.0 = Debug|Any CPU
		{84B67638-439D-4C90-848B-BB1B8A1E913E}.Release|Any CPU.ActiveCfg = Release|Any CPU
		{84B67638-439D-4C90-848B-BB1B8A1E913E}.Release|Any CPU.Build.0 = Release|Any CPU
		{84B67638-439D-4C90-848B-BB1B8A1E913E}.Release|x86.ActiveCfg = Release|Any CPU
		{84B67638-439D-4C90-848B-BB1B8A1E913E}.Release|x86.Build.0 = Release|Any CPU
		{B8F6E9DE-80A2-4860-B08B-67F74DD2757A}.Debug|Any CPU.ActiveCfg = Debug|Any CPU
		{B8F6E9DE-80A2-4860-B08B-67F74DD2757A}.Debug|Any CPU.Build.0 = Debug|Any CPU
		{B8F6E9DE-80A2-4860-B08B-67F74DD2757A}.Debug|x86.ActiveCfg = Debug|Any CPU
		{B8F6E9DE-80A2-4860-B08B-67F74DD2757A}.Debug|x86.Build.0 = Debug|Any CPU
		{B8F6E9DE-80A2-4860-B08B-67F74DD2757A}.Release|Any CPU.ActiveCfg = Debug|Any CPU
		{B8F6E9DE-80A2-4860-B08B-67F74DD2757A}.Release|Any CPU.Build.0 = Debug|Any CPU
		{B8F6E9DE-80A2-4860-B08B-67F74DD2757A}.Release|x86.ActiveCfg = Debug|Any CPU
		{B8F6E9DE-80A2-4860-B08B-67F74DD2757A}.Release|x86.Build.0 = Debug|Any CPU
		{23C0C260-5296-446B-B266-C281A80739FC}.Debug|Any CPU.ActiveCfg = Debug|Any CPU
		{23C0C260-5296-446B-B266-C281A80739FC}.Debug|Any CPU.Build.0 = Debug|Any CPU
		{23C0C260-5296-446B-B266-C281A80739FC}.Debug|x86.ActiveCfg = Debug|Any CPU
		{23C0C260-5296-446B-B266-C281A80739FC}.Debug|x86.Build.0 = Debug|Any CPU
		{23C0C260-5296-446B-B266-C281A80739FC}.Release|Any CPU.ActiveCfg = Debug|Any CPU
		{23C0C260-5296-446B-B266-C281A80739FC}.Release|Any CPU.Build.0 = Debug|Any CPU
		{23C0C260-5296-446B-B266-C281A80739FC}.Release|x86.ActiveCfg = Debug|Any CPU
		{23C0C260-5296-446B-B266-C281A80739FC}.Release|x86.Build.0 = Debug|Any CPU
	EndGlobalSection
	GlobalSection(SolutionProperties) = preSolution
		HideSolutionNode = FALSE
	EndGlobalSection
	GlobalSection(ExtensibilityGlobals) = postSolution
		SolutionGuid = {6FB6C1CB-B31F-4F3D-AB86-C8DEE40931FA}
	EndGlobalSection
EndGlobal
